// !$*UTF8*$!
{
	archiveVersion = 1;
	classes = {
	};
	objectVersion = 56;
	objects = {

/* Begin PBXBuildFile section */
		765589BF29BCDC810036507A /* RadioButton1.swift in Sources */ = {isa = PBXBuildFile; fileRef = 765589BE29BCDC810036507A /* RadioButton1.swift */; };
		765589C129BCDD1D0036507A /* CustomRadioButton.swift in Sources */ = {isa = PBXBuildFile; fileRef = 765589C029BCDD1D0036507A /* CustomRadioButton.swift */; };
		765589C329BD04C20036507A /* CalenderView.swift in Sources */ = {isa = PBXBuildFile; fileRef = 765589C229BD04C20036507A /* CalenderView.swift */; };
		766D284429B2458200F8D258 /* PlannerApp.swift in Sources */ = {isa = PBXBuildFile; fileRef = 766D284329B2458200F8D258 /* PlannerApp.swift */; };
		766D284629B2458200F8D258 /* ContentView.swift in Sources */ = {isa = PBXBuildFile; fileRef = 766D284529B2458200F8D258 /* ContentView.swift */; };
		766D284829B2458500F8D258 /* Assets.xcassets in Resources */ = {isa = PBXBuildFile; fileRef = 766D284729B2458500F8D258 /* Assets.xcassets */; };
		766D284B29B2458500F8D258 /* Preview Assets.xcassets in Resources */ = {isa = PBXBuildFile; fileRef = 766D284A29B2458500F8D258 /* Preview Assets.xcassets */; };
		766D285329B26F9600F8D258 /* Color.swift in Sources */ = {isa = PBXBuildFile; fileRef = 766D285229B26F9600F8D258 /* Color.swift */; };
		766D285529B273A700F8D258 /* MyTabView.swift in Sources */ = {isa = PBXBuildFile; fileRef = 766D285429B273A700F8D258 /* MyTabView.swift */; };
		7677543029C30A21009BDEA5 /* Test.swift in Sources */ = {isa = PBXBuildFile; fileRef = 7677542F29C30A21009BDEA5 /* Test.swift */; };
		767A682129BECD49005236C0 /* CurrentView.swift in Sources */ = {isa = PBXBuildFile; fileRef = 767A682029BECD49005236C0 /* CurrentView.swift */; };
		768EDA0729B574FA00F3BE4A /* RadioButtonGroup.swift in Sources */ = {isa = PBXBuildFile; fileRef = 768EDA0629B574FA00F3BE4A /* RadioButtonGroup.swift */; };
		768EDA0929B575B900F3BE4A /* RadioBttuon.swift in Sources */ = {isa = PBXBuildFile; fileRef = 768EDA0829B575B900F3BE4A /* RadioBttuon.swift */; };
/* End PBXBuildFile section */

/* Begin PBXFileReference section */
		765589BE29BCDC810036507A /* RadioButton1.swift */ = {isa = PBXFileReference; lastKnownFileType = sourcecode.swift; path = RadioButton1.swift; sourceTree = "<group>"; };
		765589C029BCDD1D0036507A /* CustomRadioButton.swift */ = {isa = PBXFileReference; lastKnownFileType = sourcecode.swift; path = CustomRadioButton.swift; sourceTree = "<group>"; };
		765589C229BD04C20036507A /* CalenderView.swift */ = {isa = PBXFileReference; lastKnownFileType = sourcecode.swift; path = CalenderView.swift; sourceTree = "<group>"; };
		766D284029B2458200F8D258 /* Planner.app */ = {isa = PBXFileReference; explicitFileType = wrapper.application; includeInIndex = 0; path = Planner.app; sourceTree = BUILT_PRODUCTS_DIR; };
		766D284329B2458200F8D258 /* PlannerApp.swift */ = {isa = PBXFileReference; lastKnownFileType = sourcecode.swift; path = PlannerApp.swift; sourceTree = "<group>"; };
		766D284529B2458200F8D258 /* ContentView.swift */ = {isa = PBXFileReference; lastKnownFileType = sourcecode.swift; path = ContentView.swift; sourceTree = "<group>"; };
		766D284729B2458500F8D258 /* Assets.xcassets */ = {isa = PBXFileReference; lastKnownFileType = folder.assetcatalog; path = Assets.xcassets; sourceTree = "<group>"; };
		766D284A29B2458500F8D258 /* Preview Assets.xcassets */ = {isa = PBXFileReference; lastKnownFileType = folder.assetcatalog; path = "Preview Assets.xcassets"; sourceTree = "<group>"; };
		766D285229B26F9600F8D258 /* Color.swift */ = {isa = PBXFileReference; lastKnownFileType = sourcecode.swift; path = Color.swift; sourceTree = "<group>"; };
		766D285429B273A700F8D258 /* MyTabView.swift */ = {isa = PBXFileReference; lastKnownFileType = sourcecode.swift; path = MyTabView.swift; sourceTree = "<group>"; };
		7677542F29C30A21009BDEA5 /* Test.swift */ = {isa = PBXFileReference; lastKnownFileType = sourcecode.swift; path = Test.swift; sourceTree = "<group>"; };
		767A682029BECD49005236C0 /* CurrentView.swift */ = {isa = PBXFileReference; lastKnownFileType = sourcecode.swift; path = CurrentView.swift; sourceTree = "<group>"; };
		768EDA0629B574FA00F3BE4A /* RadioButtonGroup.swift */ = {isa = PBXFileReference; lastKnownFileType = sourcecode.swift; path = RadioButtonGroup.swift; sourceTree = "<group>"; };
		768EDA0829B575B900F3BE4A /* RadioBttuon.swift */ = {isa = PBXFileReference; lastKnownFileType = sourcecode.swift; path = RadioBttuon.swift; sourceTree = "<group>"; };
		76F8E61729C13738007E7E8D /* Info.plist */ = {isa = PBXFileReference; lastKnownFileType = text.plist; path = Info.plist; sourceTree = "<group>"; };
/* End PBXFileReference section */

/* Begin PBXFrameworksBuildPhase section */
		766D283D29B2458200F8D258 /* Frameworks */ = {
			isa = PBXFrameworksBuildPhase;
			buildActionMask = 2147483647;
			files = (
			);
			runOnlyForDeploymentPostprocessing = 0;
		};
/* End PBXFrameworksBuildPhase section */

/* Begin PBXGroup section */
		766D283729B2458200F8D258 = {
			isa = PBXGroup;
			children = (
				766D284229B2458200F8D258 /* Planner */,
				766D284129B2458200F8D258 /* Products */,
			);
			sourceTree = "<group>";
		};
		766D284129B2458200F8D258 /* Products */ = {
			isa = PBXGroup;
			children = (
				766D284029B2458200F8D258 /* Planner.app */,
			);
			name = Products;
			sourceTree = "<group>";
		};
		766D284229B2458200F8D258 /* Planner */ = {
			isa = PBXGroup;
			children = (
				76F8E61729C13738007E7E8D /* Info.plist */,
				766D285229B26F9600F8D258 /* Color.swift */,
				766D284329B2458200F8D258 /* PlannerApp.swift */,
				7677542F29C30A21009BDEA5 /* Test.swift */,
				766D284529B2458200F8D258 /* ContentView.swift */,
				767A682029BECD49005236C0 /* CurrentView.swift */,
				765589C229BD04C20036507A /* CalenderView.swift */,
				765589C029BCDD1D0036507A /* CustomRadioButton.swift */,
				766D285429B273A700F8D258 /* MyTabView.swift */,
				766D284729B2458500F8D258 /* Assets.xcassets */,
				766D284929B2458500F8D258 /* Preview Content */,
				768EDA0629B574FA00F3BE4A /* RadioButtonGroup.swift */,
				768EDA0829B575B900F3BE4A /* RadioBttuon.swift */,
				765589BE29BCDC810036507A /* RadioButton1.swift */,
			);
			path = Planner;
			sourceTree = "<group>";
		};
		766D284929B2458500F8D258 /* Preview Content */ = {
			isa = PBXGroup;
			children = (
				766D284A29B2458500F8D258 /* Preview Assets.xcassets */,
			);
			path = "Preview Content";
			sourceTree = "<group>";
		};
/* End PBXGroup section */

/* Begin PBXNativeTarget section */
		766D283F29B2458200F8D258 /* Planner */ = {
			isa = PBXNativeTarget;
			buildConfigurationList = 766D284E29B2458500F8D258 /* Build configuration list for PBXNativeTarget "Planner" */;
			buildPhases = (
				766D283C29B2458200F8D258 /* Sources */,
				766D283D29B2458200F8D258 /* Frameworks */,
				766D283E29B2458200F8D258 /* Resources */,
			);
			buildRules = (
			);
			dependencies = (
			);
			name = Planner;
			productName = Planner;
			productReference = 766D284029B2458200F8D258 /* Planner.app */;
			productType = "com.apple.product-type.application";
		};
/* End PBXNativeTarget section */

/* Begin PBXProject section */
		766D283829B2458200F8D258 /* Project object */ = {
			isa = PBXProject;
			attributes = {
				BuildIndependentTargetsInParallel = 1;
				LastSwiftUpdateCheck = 1420;
				LastUpgradeCheck = 1420;
				TargetAttributes = {
					766D283F29B2458200F8D258 = {
						CreatedOnToolsVersion = 14.2;
					};
				};
			};
			buildConfigurationList = 766D283B29B2458200F8D258 /* Build configuration list for PBXProject "Planner" */;
			compatibilityVersion = "Xcode 14.0";
			developmentRegion = en;
			hasScannedForEncodings = 0;
			knownRegions = (
				en,
				Base,
				ko,
			);
			mainGroup = 766D283729B2458200F8D258;
			productRefGroup = 766D284129B2458200F8D258 /* Products */;
			projectDirPath = "";
			projectRoot = "";
			targets = (
				766D283F29B2458200F8D258 /* Planner */,
			);
		};
/* End PBXProject section */

/* Begin PBXResourcesBuildPhase section */
		766D283E29B2458200F8D258 /* Resources */ = {
			isa = PBXResourcesBuildPhase;
			buildActionMask = 2147483647;
			files = (
				766D284B29B2458500F8D258 /* Preview Assets.xcassets in Resources */,
				766D284829B2458500F8D258 /* Assets.xcassets in Resources */,
			);
			runOnlyForDeploymentPostprocessing = 0;
		};
/* End PBXResourcesBuildPhase section */

/* Begin PBXSourcesBuildPhase section */
		766D283C29B2458200F8D258 /* Sources */ = {
			isa = PBXSourcesBuildPhase;
			buildActionMask = 2147483647;
			files = (
				765589C129BCDD1D0036507A /* CustomRadioButton.swift in Sources */,
				766D284629B2458200F8D258 /* ContentView.swift in Sources */,
				765589BF29BCDC810036507A /* RadioButton1.swift in Sources */,
				766D284429B2458200F8D258 /* PlannerApp.swift in Sources */,
				768EDA0729B574FA00F3BE4A /* RadioButtonGroup.swift in Sources */,
				7677543029C30A21009BDEA5 /* Test.swift in Sources */,
				768EDA0929B575B900F3BE4A /* RadioBttuon.swift in Sources */,
				765589C329BD04C20036507A /* CalenderView.swift in Sources */,
				766D285529B273A700F8D258 /* MyTabView.swift in Sources */,
				767A682129BECD49005236C0 /* CurrentView.swift in Sources */,
				766D285329B26F9600F8D258 /* Color.swift in Sources */,
			);
			runOnlyForDeploymentPostprocessing = 0;
		};
/* End PBXSourcesBuildPhase section */

/* Begin XCBuildConfiguration section */
		766D284C29B2458500F8D258 /* Debug */ = {
			isa = XCBuildConfiguration;
			buildSettings = {
				ALWAYS_SEARCH_USER_PATHS = NO;
				CLANG_ANALYZER_NONNULL = YES;
				CLANG_ANALYZER_NUMBER_OBJECT_CONVERSION = YES_AGGRESSIVE;
				CLANG_CXX_LANGUAGE_STANDARD = "gnu++20";
				CLANG_ENABLE_MODULES = YES;
				CLANG_ENABLE_OBJC_ARC = YES;
				CLANG_ENABLE_OBJC_WEAK = YES;
				CLANG_WARN_BLOCK_CAPTURE_AUTORELEASING = YES;
				CLANG_WARN_BOOL_CONVERSION = YES;
				CLANG_WARN_COMMA = YES;
				CLANG_WARN_CONSTANT_CONVERSION = YES;
				CLANG_WARN_DEPRECATED_OBJC_IMPLEMENTATIONS = YES;
				CLANG_WARN_DIRECT_OBJC_ISA_USAGE = YES_ERROR;
				CLANG_WARN_DOCUMENTATION_COMMENTS = YES;
				CLANG_WARN_EMPTY_BODY = YES;
				CLANG_WARN_ENUM_CONVERSION = YES;
				CLANG_WARN_INFINITE_RECURSION = YES;
				CLANG_WARN_INT_CONVERSION = YES;
				CLANG_WARN_NON_LITERAL_NULL_CONVERSION = YES;
				CLANG_WARN_OBJC_IMPLICIT_RETAIN_SELF = YES;
				CLANG_WARN_OBJC_LITERAL_CONVERSION = YES;
				CLANG_WARN_OBJC_ROOT_CLASS = YES_ERROR;
				CLANG_WARN_QUOTED_INCLUDE_IN_FRAMEWORK_HEADER = YES;
				CLANG_WARN_RANGE_LOOP_ANALYSIS = YES;
				CLANG_WARN_STRICT_PROTOTYPES = YES;
				CLANG_WARN_SUSPICIOUS_MOVE = YES;
				CLANG_WARN_UNGUARDED_AVAILABILITY = YES_AGGRESSIVE;
				CLANG_WARN_UNREACHABLE_CODE = YES;
				CLANG_WARN__DUPLICATE_METHOD_MATCH = YES;
				COPY_PHASE_STRIP = NO;
				DEBUG_INFORMATION_FORMAT = dwarf;
				ENABLE_STRICT_OBJC_MSGSEND = YES;
				ENABLE_TESTABILITY = YES;
				GCC_C_LANGUAGE_STANDARD = gnu11;
				GCC_DYNAMIC_NO_PIC = NO;
				GCC_NO_COMMON_BLOCKS = YES;
				GCC_OPTIMIZATION_LEVEL = 0;
				GCC_PREPROCESSOR_DEFINITIONS = (
					"DEBUG=1",
					"$(inherited)",
				);
				GCC_WARN_64_TO_32_BIT_CONVERSION = YES;
				GCC_WARN_ABOUT_RETURN_TYPE = YES_ERROR;
				GCC_WARN_UNDECLARED_SELECTOR = YES;
				GCC_WARN_UNINITIALIZED_AUTOS = YES_AGGRESSIVE;
				GCC_WARN_UNUSED_FUNCTION = YES;
				GCC_WARN_UNUSED_VARIABLE = YES;
				IPHONEOS_DEPLOYMENT_TARGET = 16.2;
				MTL_ENABLE_DEBUG_INFO = INCLUDE_SOURCE;
				MTL_FAST_MATH = YES;
				ONLY_ACTIVE_ARCH = YES;
				SDKROOT = iphoneos;
				SWIFT_ACTIVE_COMPILATION_CONDITIONS = DEBUG;
				SWIFT_OPTIMIZATION_LEVEL = "-Onone";
			};
			name = Debug;
		};
		766D284D29B2458500F8D258 /* Release */ = {
			isa = XCBuildConfiguration;
			buildSettings = {
				ALWAYS_SEARCH_USER_PATHS = NO;
				CLANG_ANALYZER_NONNULL = YES;
				CLANG_ANALYZER_NUMBER_OBJECT_CONVERSION = YES_AGGRESSIVE;
				CLANG_CXX_LANGUAGE_STANDARD = "gnu++20";
				CLANG_ENABLE_MODULES = YES;
				CLANG_ENABLE_OBJC_ARC = YES;
				CLANG_ENABLE_OBJC_WEAK = YES;
				CLANG_WARN_BLOCK_CAPTURE_AUTORELEASING = YES;
				CLANG_WARN_BOOL_CONVERSION = YES;
				CLANG_WARN_COMMA = YES;
				CLANG_WARN_CONSTANT_CONVERSION = YES;
				CLANG_WARN_DEPRECATED_OBJC_IMPLEMENTATIONS = YES;
				CLANG_WARN_DIRECT_OBJC_ISA_USAGE = YES_ERROR;
				CLANG_WARN_DOCUMENTATION_COMMENTS = YES;
				CLANG_WARN_EMPTY_BODY = YES;
				CLANG_WARN_ENUM_CONVERSION = YES;
				CLANG_WARN_INFINITE_RECURSION = YES;
				CLANG_WARN_INT_CONVERSION = YES;
				CLANG_WARN_NON_LITERAL_NULL_CONVERSION = YES;
				CLANG_WARN_OBJC_IMPLICIT_RETAIN_SELF = YES;
				CLANG_WARN_OBJC_LITERAL_CONVERSION = YES;
				CLANG_WARN_OBJC_ROOT_CLASS = YES_ERROR;
				CLANG_WARN_QUOTED_INCLUDE_IN_FRAMEWORK_HEADER = YES;
				CLANG_WARN_RANGE_LOOP_ANALYSIS = YES;
				CLANG_WARN_STRICT_PROTOTYPES = YES;
				CLANG_WARN_SUSPICIOUS_MOVE = YES;
				CLANG_WARN_UNGUARDED_AVAILABILITY = YES_AGGRESSIVE;
				CLANG_WARN_UNREACHABLE_CODE = YES;
				CLANG_WARN__DUPLICATE_METHOD_MATCH = YES;
				COPY_PHASE_STRIP = NO;
				DEBUG_INFORMATION_FORMAT = "dwarf-with-dsym";
				ENABLE_NS_ASSERTIONS = NO;
				ENABLE_STRICT_OBJC_MSGSEND = YES;
				GCC_C_LANGUAGE_STANDARD = gnu11;
				GCC_NO_COMMON_BLOCKS = YES;
				GCC_WARN_64_TO_32_BIT_CONVERSION = YES;
				GCC_WARN_ABOUT_RETURN_TYPE = YES_ERROR;
				GCC_WARN_UNDECLARED_SELECTOR = YES;
				GCC_WARN_UNINITIALIZED_AUTOS = YES_AGGRESSIVE;
				GCC_WARN_UNUSED_FUNCTION = YES;
				GCC_WARN_UNUSED_VARIABLE = YES;
				IPHONEOS_DEPLOYMENT_TARGET = 16.2;
				MTL_ENABLE_DEBUG_INFO = NO;
				MTL_FAST_MATH = YES;
				SDKROOT = iphoneos;
				SWIFT_COMPILATION_MODE = wholemodule;
				SWIFT_OPTIMIZATION_LEVEL = "-O";
				VALIDATE_PRODUCT = YES;
			};
			name = Release;
		};
		766D284F29B2458500F8D258 /* Debug */ = {
			isa = XCBuildConfiguration;
			buildSettings = {
				ASSETCATALOG_COMPILER_APPICON_NAME = AppIcon;
				ASSETCATALOG_COMPILER_GLOBAL_ACCENT_COLOR_NAME = AccentColor;
				CODE_SIGN_STYLE = Automatic;
				CURRENT_PROJECT_VERSION = 1;
				DEVELOPMENT_ASSET_PATHS = "\"Planner/Preview Content\"";
				DEVELOPMENT_TEAM = 27HKS7XRY9;
				ENABLE_PREVIEWS = YES;
				GENERATE_INFOPLIST_FILE = YES;
				INFOPLIST_FILE = Planner/Info.plist;
				INFOPLIST_KEY_UIApplicationSceneManifest_Generation = YES;
				INFOPLIST_KEY_UIApplicationSupportsIndirectInputEvents = YES;
				INFOPLIST_KEY_UILaunchScreen_Generation = YES;
				INFOPLIST_KEY_UISupportedInterfaceOrientations_iPad = "UIInterfaceOrientationPortrait UIInterfaceOrientationPortraitUpsideDown UIInterfaceOrientationLandscapeLeft UIInterfaceOrientationLandscapeRight";
				INFOPLIST_KEY_UISupportedInterfaceOrientations_iPhone = "UIInterfaceOrientationPortrait UIInterfaceOrientationLandscapeLeft UIInterfaceOrientationLandscapeRight";
				LD_RUNPATH_SEARCH_PATHS = (
					"$(inherited)",
					"@executable_path/Frameworks",
				);
				MARKETING_VERSION = 1.0;
				PRODUCT_BUNDLE_IDENTIFIER = CherryKim.Planner;
				PRODUCT_NAME = "$(TARGET_NAME)";
				SWIFT_EMIT_LOC_STRINGS = YES;
				SWIFT_VERSION = 5.0;
				TARGETED_DEVICE_FAMILY = "1,2";
			};
			name = Debug;
		};
		766D285029B2458500F8D258 /* Release */ = {
			isa = XCBuildConfiguration;
			buildSettings = {
				ASSETCATALOG_COMPILER_APPICON_NAME = AppIcon;
				ASSETCATALOG_COMPILER_GLOBAL_ACCENT_COLOR_NAME = AccentColor;
				CODE_SIGN_STYLE = Automatic;
				CURRENT_PROJECT_VERSION = 1;
				DEVELOPMENT_ASSET_PATHS = "\"Planner/Preview Content\"";
				DEVELOPMENT_TEAM = 27HKS7XRY9;
				ENABLE_PREVIEWS = YES;
				GENERATE_INFOPLIST_FILE = YES;
				INFOPLIST_FILE = Planner/Info.plist;
				INFOPLIST_KEY_UIApplicationSceneManifest_Generation = YES;
				INFOPLIST_KEY_UIApplicationSupportsIndirectInputEvents = YES;
				INFOPLIST_KEY_UILaunchScreen_Generation = YES;
				INFOPLIST_KEY_UISupportedInterfaceOrientations_iPad = "UIInterfaceOrientationPortrait UIInterfaceOrientationPortraitUpsideDown UIInterfaceOrientationLandscapeLeft UIInterfaceOrientationLandscapeRight";
				INFOPLIST_KEY_UISupportedInterfaceOrientations_iPhone = "UIInterfaceOrientationPortrait UIInterfaceOrientationLandscapeLeft UIInterfaceOrientationLandscapeRight";
				LD_RUNPATH_SEARCH_PATHS = (
					"$(inherited)",
					"@executable_path/Frameworks",
				);
				MARKETING_VERSION = 1.0;
				PRODUCT_BUNDLE_IDENTIFIER = CherryKim.Planner;
				PRODUCT_NAME = "$(TARGET_NAME)";
				SWIFT_EMIT_LOC_STRINGS = YES;
				SWIFT_VERSION = 5.0;
				TARGETED_DEVICE_FAMILY = "1,2";
			};
			name = Release;
		};
/* End XCBuildConfiguration section */

/* Begin XCConfigurationList section */
		766D283B29B2458200F8D258 /* Build configuration list for PBXProject "Planner" */ = {
			isa = XCConfigurationList;
			buildConfigurations = (
				766D284C29B2458500F8D258 /* Debug */,
				766D284D29B2458500F8D258 /* Release */,
			);
			defaultConfigurationIsVisible = 0;
			defaultConfigurationName = Release;
		};
		766D284E29B2458500F8D258 /* Build configuration list for PBXNativeTarget "Planner" */ = {
			isa = XCConfigurationList;
			buildConfigurations = (
				766D284F29B2458500F8D258 /* Debug */,
				766D285029B2458500F8D258 /* Release */,
			);
			defaultConfigurationIsVisible = 0;
			defaultConfigurationName = Release;
		};
/* End XCConfigurationList section */
	};
	rootObject = 766D283829B2458200F8D258 /* Project object */;
}
